Microsoft Visual Studio Solution File, Format Version 11.00
# Visual Studio 2008

Project("{6342F8D6-2D56-3304-7CBB-5A4A6B814AF5}") = "AICB", "Assembly-CSharp.csproj", "{6151000B-3AC9-E55B-310F-AD3CDF861DA8}"
EndProject
Global
	GlobalSection(SolutionConfigurationPlatforms) = preSolution
		Debug|Any CPU = Debug|Any CPU
		Release|Any CPU = Release|Any CPU
	EndGlobalSection
	GlobalSection(ProjectConfigurationPlatforms) = postSolution
		{6151000B-3AC9-E55B-310F-AD3CDF861DA8}.Debug|Any CPU.ActiveCfg = Debug|Any CPU
		{6151000B-3AC9-E55B-310F-AD3CDF861DA8}.Debug|Any CPU.Build.0 = Debug|Any CPU
		{6151000B-3AC9-E55B-310F-AD3CDF861DA8}.Release|Any CPU.ActiveCfg = Release|Any CPU
		{6151000B-3AC9-E55B-310F-AD3CDF861DA8}.Release|Any CPU.Build.0 = Release|Any CPU
	EndGlobalSection
	GlobalSection(SolutionProperties) = preSolution
		HideSolutionNode = FALSE
	EndGlobalSection
	GlobalSection(MonoDevelopProperties) = preSolution
		StartupItem = Assembly-CSharp.csproj
	EndGlobalSection
EndGlobal
